// !$*UTF8*$!
{
	archiveVersion = 1;
	classes = {
	};
	objectVersion = 56;
	objects = {

/* Begin PBXBuildFile section */
		31A8834729B5D9300033CF67 /* QRcodeReader_SwiftUIApp.swift in Sources */ = {isa = PBXBuildFile; fileRef = 31A8834629B5D9300033CF67 /* QRcodeReader_SwiftUIApp.swift */; };
		31A8834929B5D9300033CF67 /* ContentView.swift in Sources */ = {isa = PBXBuildFile; fileRef = 31A8834829B5D9300033CF67 /* ContentView.swift */; };
		31A8834B29B5D9310033CF67 /* Assets.xcassets in Resources */ = {isa = PBXBuildFile; fileRef = 31A8834A29B5D9310033CF67 /* Assets.xcassets */; };
		31A8834E29B5D9310033CF67 /* Preview Assets.xcassets in Resources */ = {isa = PBXBuildFile; fileRef = 31A8834D29B5D9310033CF67 /* Preview Assets.xcassets */; };
		31A8835829B5D9310033CF67 /* QRcodeReader_SwiftUITests.swift in Sources */ = {isa = PBXBuildFile; fileRef = 31A8835729B5D9310033CF67 /* QRcodeReader_SwiftUITests.swift */; };
		31A8836229B5D9310033CF67 /* QRcodeReader_SwiftUIUITests.swift in Sources */ = {isa = PBXBuildFile; fileRef = 31A8836129B5D9310033CF67 /* QRcodeReader_SwiftUIUITests.swift */; };
		31A8836429B5D9310033CF67 /* QRcodeReader_SwiftUIUITestsLaunchTests.swift in Sources */ = {isa = PBXBuildFile; fileRef = 31A8836329B5D9310033CF67 /* QRcodeReader_SwiftUIUITestsLaunchTests.swift */; };
/* End PBXBuildFile section */

/* Begin PBXContainerItemProxy section */
		31A8835429B5D9310033CF67 /* PBXContainerItemProxy */ = {
			isa = PBXContainerItemProxy;
			containerPortal = 31A8833B29B5D9300033CF67 /* Project object */;
			proxyType = 1;
			remoteGlobalIDString = 31A8834229B5D9300033CF67;
			remoteInfo = "QRcodeReader+SwiftUI";
		};
		31A8835E29B5D9310033CF67 /* PBXContainerItemProxy */ = {
			isa = PBXContainerItemProxy;
			containerPortal = 31A8833B29B5D9300033CF67 /* Project object */;
			proxyType = 1;
			remoteGlobalIDString = 31A8834229B5D9300033CF67;
			remoteInfo = "QRcodeReader+SwiftUI";
		};
/* End PBXContainerItemProxy section */

/* Begin PBXFileReference section */
		31A8834329B5D9300033CF67 /* QRcodeReader+SwiftUI.app */ = {isa = PBXFileReference; explicitFileType = wrapper.application; includeInIndex = 0; path = "QRcodeReader+SwiftUI.app"; sourceTree = BUILT_PRODUCTS_DIR; };
		31A8834629B5D9300033CF67 /* QRcodeReader_SwiftUIApp.swift */ = {isa = PBXFileReference; lastKnownFileType = sourcecode.swift; path = QRcodeReader_SwiftUIApp.swift; sourceTree = "<group>"; };
		31A8834829B5D9300033CF67 /* ContentView.swift */ = {isa = PBXFileReference; lastKnownFileType = sourcecode.swift; path = ContentView.swift; sourceTree = "<group>"; };
		31A8834A29B5D9310033CF67 /* Assets.xcassets */ = {isa = PBXFileReference; lastKnownFileType = folder.assetcatalog; path = Assets.xcassets; sourceTree = "<group>"; };
		31A8834D29B5D9310033CF67 /* Preview Assets.xcassets */ = {isa = PBXFileReference; lastKnownFileType = folder.assetcatalog; path = "Preview Assets.xcassets"; sourceTree = "<group>"; };
		31A8835329B5D9310033CF67 /* QRcodeReader+SwiftUITests.xctest */ = {isa = PBXFileReference; explicitFileType = wrapper.cfbundle; includeInIndex = 0; path = "QRcodeReader+SwiftUITests.xctest"; sourceTree = BUILT_PRODUCTS_DIR; };
		31A8835729B5D9310033CF67 /* QRcodeReader_SwiftUITests.swift */ = {isa = PBXFileReference; lastKnownFileType = sourcecode.swift; path = QRcodeReader_SwiftUITests.swift; sourceTree = "<group>"; };
		31A8835D29B5D9310033CF67 /* QRcodeReader+SwiftUIUITests.xctest */ = {isa = PBXFileReference; explicitFileType = wrapper.cfbundle; includeInIndex = 0; path = "QRcodeReader+SwiftUIUITests.xctest"; sourceTree = BUILT_PRODUCTS_DIR; };
		31A8836129B5D9310033CF67 /* QRcodeReader_SwiftUIUITests.swift */ = {isa = PBXFileReference; lastKnownFileType = sourcecode.swift; path = QRcodeReader_SwiftUIUITests.swift; sourceTree = "<group>"; };
		31A8836329B5D9310033CF67 /* QRcodeReader_SwiftUIUITestsLaunchTests.swift */ = {isa = PBXFileReference; lastKnownFileType = sourcecode.swift; path = QRcodeReader_SwiftUIUITestsLaunchTests.swift; sourceTree = "<group>"; };
/* End PBXFileReference section */

/* Begin PBXFrameworksBuildPhase section */
		31A8834029B5D9300033CF67 /* Frameworks */ = {
			isa = PBXFrameworksBuildPhase;
			buildActionMask = 2147483647;
			files = (
			);
			runOnlyForDeploymentPostprocessing = 0;
		};
		31A8835029B5D9310033CF67 /* Frameworks */ = {
			isa = PBXFrameworksBuildPhase;
			buildActionMask = 2147483647;
			files = (
			);
			runOnlyForDeploymentPostprocessing = 0;
		};
		31A8835A29B5D9310033CF67 /* Frameworks */ = {
			isa = PBXFrameworksBuildPhase;
			buildActionMask = 2147483647;
			files = (
			);
			runOnlyForDeploymentPostprocessing = 0;
		};
/* End PBXFrameworksBuildPhase section */

/* Begin PBXGroup section */
		31A8833A29B5D9300033CF67 = {
			isa = PBXGroup;
			children = (
				31A8834529B5D9300033CF67 /* QRcodeReader+SwiftUI */,
				31A8835629B5D9310033CF67 /* QRcodeReader+SwiftUITests */,
				31A8836029B5D9310033CF67 /* QRcodeReader+SwiftUIUITests */,
				31A8834429B5D9300033CF67 /* Products */,
			);
			sourceTree = "<group>";
		};
		31A8834429B5D9300033CF67 /* Products */ = {
			isa = PBXGroup;
			children = (
				31A8834329B5D9300033CF67 /* QRcodeReader+SwiftUI.app */,
				31A8835329B5D9310033CF67 /* QRcodeReader+SwiftUITests.xctest */,
				31A8835D29B5D9310033CF67 /* QRcodeReader+SwiftUIUITests.xctest */,
			);
			name = Products;
			sourceTree = "<group>";
		};
		31A8834529B5D9300033CF67 /* QRcodeReader+SwiftUI */ = {
			isa = PBXGroup;
			children = (
				31A8834629B5D9300033CF67 /* QRcodeReader_SwiftUIApp.swift */,
				31A8834829B5D9300033CF67 /* ContentView.swift */,
				31A8834A29B5D9310033CF67 /* Assets.xcassets */,
				31A8834C29B5D9310033CF67 /* Preview Content */,
			);
			path = "QRcodeReader+SwiftUI";
			sourceTree = "<group>";
		};
		31A8834C29B5D9310033CF67 /* Preview Content */ = {
			isa = PBXGroup;
			children = (
				31A8834D29B5D9310033CF67 /* Preview Assets.xcassets */,
			);
			path = "Preview Content";
			sourceTree = "<group>";
		};
		31A8835629B5D9310033CF67 /* QRcodeReader+SwiftUITests */ = {
			isa = PBXGroup;
			children = (
				31A8835729B5D9310033CF67 /* QRcodeReader_SwiftUITests.swift */,
			);
			path = "QRcodeReader+SwiftUITests";
			sourceTree = "<group>";
		};
		31A8836029B5D9310033CF67 /* QRcodeReader+SwiftUIUITests */ = {
			isa = PBXGroup;
			children = (
				31A8836129B5D9310033CF67 /* QRcodeReader_SwiftUIUITests.swift */,
				31A8836329B5D9310033CF67 /* QRcodeReader_SwiftUIUITestsLaunchTests.swift */,
			);
			path = "QRcodeReader+SwiftUIUITests";
			sourceTree = "<group>";
		};
/* End PBXGroup section */

/* Begin PBXNativeTarget section */
		31A8834229B5D9300033CF67 /* QRcodeReader+SwiftUI */ = {
			isa = PBXNativeTarget;
			buildConfigurationList = 31A8836729B5D9310033CF67 /* Build configuration list for PBXNativeTarget "QRcodeReader+SwiftUI" */;
			buildPhases = (
				31A8833F29B5D9300033CF67 /* Sources */,
				31A8834029B5D9300033CF67 /* Frameworks */,
				31A8834129B5D9300033CF67 /* Resources */,
			);
			buildRules = (
			);
			dependencies = (
			);
			name = "QRcodeReader+SwiftUI";
			productName = "QRcodeReader+SwiftUI";
			productReference = 31A8834329B5D9300033CF67 /* QRcodeReader+SwiftUI.app */;
			productType = "com.apple.product-type.application";
		};
		31A8835229B5D9310033CF67 /* QRcodeReader+SwiftUITests */ = {
			isa = PBXNativeTarget;
			buildConfigurationList = 31A8836A29B5D9310033CF67 /* Build configuration list for PBXNativeTarget "QRcodeReader+SwiftUITests" */;
			buildPhases = (
				31A8834F29B5D9310033CF67 /* Sources */,
				31A8835029B5D9310033CF67 /* Frameworks */,
				31A8835129B5D9310033CF67 /* Resources */,
			);
			buildRules = (
			);
			dependencies = (
				31A8835529B5D9310033CF67 /* PBXTargetDependency */,
			);
			name = "QRcodeReader+SwiftUITests";
			productName = "QRcodeReader+SwiftUITests";
			productReference = 31A8835329B5D9310033CF67 /* QRcodeReader+SwiftUITests.xctest */;
			productType = "com.apple.product-type.bundle.unit-test";
		};
		31A8835C29B5D9310033CF67 /* QRcodeReader+SwiftUIUITests */ = {
			isa = PBXNativeTarget;
			buildConfigurationList = 31A8836D29B5D9310033CF67 /* Build configuration list for PBXNativeTarget "QRcodeReader+SwiftUIUITests" */;
			buildPhases = (
				31A8835929B5D9310033CF67 /* Sources */,
				31A8835A29B5D9310033CF67 /* Frameworks */,
				31A8835B29B5D9310033CF67 /* Resources */,
			);
			buildRules = (
			);
			dependencies = (
				31A8835F29B5D9310033CF67 /* PBXTargetDependency */,
			);
			name = "QRcodeReader+SwiftUIUITests";
			productName = "QRcodeReader+SwiftUIUITests";
			productReference = 31A8835D29B5D9310033CF67 /* QRcodeReader+SwiftUIUITests.xctest */;
			productType = "com.apple.product-type.bundle.ui-testing";
		};
/* End PBXNativeTarget section */

/* Begin PBXProject section */
		31A8833B29B5D9300033CF67 /* Project object */ = {
			isa = PBXProject;
			attributes = {
				BuildIndependentTargetsInParallel = 1;
				LastSwiftUpdateCheck = 1420;
				LastUpgradeCheck = 1420;
				TargetAttributes = {
					31A8834229B5D9300033CF67 = {
						CreatedOnToolsVersion = 14.2;
					};
					31A8835229B5D9310033CF67 = {
						CreatedOnToolsVersion = 14.2;
						TestTargetID = 31A8834229B5D9300033CF67;
					};
					31A8835C29B5D9310033CF67 = {
						CreatedOnToolsVersion = 14.2;
						TestTargetID = 31A8834229B5D9300033CF67;
					};
				};
			};
			buildConfigurationList = 31A8833E29B5D9300033CF67 /* Build configuration list for PBXProject "QRcodeReader+SwiftUI" */;
			compatibilityVersion = "Xcode 14.0";
			developmentRegion = en;
			hasScannedForEncodings = 0;
			knownRegions = (
				en,
				Base,
			);
			mainGroup = 31A8833A29B5D9300033CF67;
			productRefGroup = 31A8834429B5D9300033CF67 /* Products */;
			projectDirPath = "";
			projectRoot = "";
			targets = (
				31A8834229B5D9300033CF67 /* QRcodeReader+SwiftUI */,
				31A8835229B5D9310033CF67 /* QRcodeReader+SwiftUITests */,
				31A8835C29B5D9310033CF67 /* QRcodeReader+SwiftUIUITests */,
			);
		};
/* End PBXProject section */

/* Begin PBXResourcesBuildPhase section */
		31A8834129B5D9300033CF67 /* Resources */ = {
			isa = PBXResourcesBuildPhase;
			buildActionMask = 2147483647;
			files = (
				31A8834E29B5D9310033CF67 /* Preview Assets.xcassets in Resources */,
				31A8834B29B5D9310033CF67 /* Assets.xcassets in Resources */,
			);
			runOnlyForDeploymentPostprocessing = 0;
		};
		31A8835129B5D9310033CF67 /* Resources */ = {
			isa = PBXResourcesBuildPhase;
			buildActionMask = 2147483647;
			files = (
			);
			runOnlyForDeploymentPostprocessing = 0;
		};
		31A8835B29B5D9310033CF67 /* Resources */ = {
			isa = PBXResourcesBuildPhase;
			buildActionMask = 2147483647;
			files = (
			);
			runOnlyForDeploymentPostprocessing = 0;
		};
/* End PBXResourcesBuildPhase section */

/* Begin PBXSourcesBuildPhase section */
		31A8833F29B5D9300033CF67 /* Sources */ = {
			isa = PBXSourcesBuildPhase;
			buildActionMask = 2147483647;
			files = (
				31A8834929B5D9300033CF67 /* ContentView.swift in Sources */,
				31A8834729B5D9300033CF67 /* QRcodeReader_SwiftUIApp.swift in Sources */,
			);
			runOnlyForDeploymentPostprocessing = 0;
		};
		31A8834F29B5D9310033CF67 /* Sources */ = {
			isa = PBXSourcesBuildPhase;
			buildActionMask = 2147483647;
			files = (
				31A8835829B5D9310033CF67 /* QRcodeReader_SwiftUITests.swift in Sources */,
			);
			runOnlyForDeploymentPostprocessing = 0;
		};
		31A8835929B5D9310033CF67 /* Sources */ = {
			isa = PBXSourcesBuildPhase;
			buildActionMask = 2147483647;
			files = (
				31A8836229B5D9310033CF67 /* QRcodeReader_SwiftUIUITests.swift in Sources */,
				31A8836429B5D9310033CF67 /* QRcodeReader_SwiftUIUITestsLaunchTests.swift in Sources */,
			);
			runOnlyForDeploymentPostprocessing = 0;
		};
/* End PBXSourcesBuildPhase section */

/* Begin PBXTargetDependency section */
		31A8835529B5D9310033CF67 /* PBXTargetDependency */ = {
			isa = PBXTargetDependency;
			target = 31A8834229B5D9300033CF67 /* QRcodeReader+SwiftUI */;
			targetProxy = 31A8835429B5D9310033CF67 /* PBXContainerItemProxy */;
		};
		31A8835F29B5D9310033CF67 /* PBXTargetDependency */ = {
			isa = PBXTargetDependency;
			target = 31A8834229B5D9300033CF67 /* QRcodeReader+SwiftUI */;
			targetProxy = 31A8835E29B5D9310033CF67 /* PBXContainerItemProxy */;
		};
/* End PBXTargetDependency section */

/* Begin XCBuildConfiguration section */
		31A8836529B5D9310033CF67 /* Debug */ = {
			isa = XCBuildConfiguration;
			buildSettings = {
				ALWAYS_SEARCH_USER_PATHS = NO;
				CLANG_ANALYZER_NONNULL = YES;
				CLANG_ANALYZER_NUMBER_OBJECT_CONVERSION = YES_AGGRESSIVE;
				CLANG_CXX_LANGUAGE_STANDARD = "gnu++20";
				CLANG_ENABLE_MODULES = YES;
				CLANG_ENABLE_OBJC_ARC = YES;
				CLANG_ENABLE_OBJC_WEAK = YES;
				CLANG_WARN_BLOCK_CAPTURE_AUTORELEASING = YES;
				CLANG_WARN_BOOL_CONVERSION = YES;
				CLANG_WARN_COMMA = YES;
				CLANG_WARN_CONSTANT_CONVERSION = YES;
				CLANG_WARN_DEPRECATED_OBJC_IMPLEMENTATIONS = YES;
				CLANG_WARN_DIRECT_OBJC_ISA_USAGE = YES_ERROR;
				CLANG_WARN_DOCUMENTATION_COMMENTS = YES;
				CLANG_WARN_EMPTY_BODY = YES;
				CLANG_WARN_ENUM_CONVERSION = YES;
				CLANG_WARN_INFINITE_RECURSION = YES;
				CLANG_WARN_INT_CONVERSION = YES;
				CLANG_WARN_NON_LITERAL_NULL_CONVERSION = YES;
				CLANG_WARN_OBJC_IMPLICIT_RETAIN_SELF = YES;
				CLANG_WARN_OBJC_LITERAL_CONVERSION = YES;
				CLANG_WARN_OBJC_ROOT_CLASS = YES_ERROR;
				CLANG_WARN_QUOTED_INCLUDE_IN_FRAMEWORK_HEADER = YES;
				CLANG_WARN_RANGE_LOOP_ANALYSIS = YES;
				CLANG_WARN_STRICT_PROTOTYPES = YES;
				CLANG_WARN_SUSPICIOUS_MOVE = YES;
				CLANG_WARN_UNGUARDED_AVAILABILITY = YES_AGGRESSIVE;
				CLANG_WARN_UNREACHABLE_CODE = YES;
				CLANG_WARN__DUPLICATE_METHOD_MATCH = YES;
				COPY_PHASE_STRIP = NO;
				DEBUG_INFORMATION_FORMAT = dwarf;
				ENABLE_STRICT_OBJC_MSGSEND = YES;
				ENABLE_TESTABILITY = YES;
				GCC_C_LANGUAGE_STANDARD = gnu11;
				GCC_DYNAMIC_NO_PIC = NO;
				GCC_NO_COMMON_BLOCKS = YES;
				GCC_OPTIMIZATION_LEVEL = 0;
				GCC_PREPROCESSOR_DEFINITIONS = (
					"DEBUG=1",
					"$(inherited)",
				);
				GCC_WARN_64_TO_32_BIT_CONVERSION = YES;
				GCC_WARN_ABOUT_RETURN_TYPE = YES_ERROR;
				GCC_WARN_UNDECLARED_SELECTOR = YES;
				GCC_WARN_UNINITIALIZED_AUTOS = YES_AGGRESSIVE;
				GCC_WARN_UNUSED_FUNCTION = YES;
				GCC_WARN_UNUSED_VARIABLE = YES;
				IPHONEOS_DEPLOYMENT_TARGET = 16.2;
				MTL_ENABLE_DEBUG_INFO = INCLUDE_SOURCE;
				MTL_FAST_MATH = YES;
				ONLY_ACTIVE_ARCH = YES;
				SDKROOT = iphoneos;
				SWIFT_ACTIVE_COMPILATION_CONDITIONS = DEBUG;
				SWIFT_OPTIMIZATION_LEVEL = "-Onone";
			};
			name = Debug;
		};
		31A8836629B5D9310033CF67 /* Release */ = {
			isa = XCBuildConfiguration;
			buildSettings = {
				ALWAYS_SEARCH_USER_PATHS = NO;
				CLANG_ANALYZER_NONNULL = YES;
				CLANG_ANALYZER_NUMBER_OBJECT_CONVERSION = YES_AGGRESSIVE;
				CLANG_CXX_LANGUAGE_STANDARD = "gnu++20";
				CLANG_ENABLE_MODULES = YES;
				CLANG_ENABLE_OBJC_ARC = YES;
				CLANG_ENABLE_OBJC_WEAK = YES;
				CLANG_WARN_BLOCK_CAPTURE_AUTORELEASING = YES;
				CLANG_WARN_BOOL_CONVERSION = YES;
				CLANG_WARN_COMMA = YES;
				CLANG_WARN_CONSTANT_CONVERSION = YES;
				CLANG_WARN_DEPRECATED_OBJC_IMPLEMENTATIONS = YES;
				CLANG_WARN_DIRECT_OBJC_ISA_USAGE = YES_ERROR;
				CLANG_WARN_DOCUMENTATION_COMMENTS = YES;
				CLANG_WARN_EMPTY_BODY = YES;
				CLANG_WARN_ENUM_CONVERSION = YES;
				CLANG_WARN_INFINITE_RECURSION = YES;
				CLANG_WARN_INT_CONVERSION = YES;
				CLANG_WARN_NON_LITERAL_NULL_CONVERSION = YES;
				CLANG_WARN_OBJC_IMPLICIT_RETAIN_SELF = YES;
				CLANG_WARN_OBJC_LITERAL_CONVERSION = YES;
				CLANG_WARN_OBJC_ROOT_CLASS = YES_ERROR;
				CLANG_WARN_QUOTED_INCLUDE_IN_FRAMEWORK_HEADER = YES;
				CLANG_WARN_RANGE_LOOP_ANALYSIS = YES;
				CLANG_WARN_STRICT_PROTOTYPES = YES;
				CLANG_WARN_SUSPICIOUS_MOVE = YES;
				CLANG_WARN_UNGUARDED_AVAILABILITY = YES_AGGRESSIVE;
				CLANG_WARN_UNREACHABLE_CODE = YES;
				CLANG_WARN__DUPLICATE_METHOD_MATCH = YES;
				COPY_PHASE_STRIP = NO;
				DEBUG_INFORMATION_FORMAT = "dwarf-with-dsym";
				ENABLE_NS_ASSERTIONS = NO;
				ENABLE_STRICT_OBJC_MSGSEND = YES;
				GCC_C_LANGUAGE_STANDARD = gnu11;
				GCC_NO_COMMON_BLOCKS = YES;
				GCC_WARN_64_TO_32_BIT_CONVERSION = YES;
				GCC_WARN_ABOUT_RETURN_TYPE = YES_ERROR;
				GCC_WARN_UNDECLARED_SELECTOR = YES;
				GCC_WARN_UNINITIALIZED_AUTOS = YES_AGGRESSIVE;
				GCC_WARN_UNUSED_FUNCTION = YES;
				GCC_WARN_UNUSED_VARIABLE = YES;
				IPHONEOS_DEPLOYMENT_TARGET = 16.2;
				MTL_ENABLE_DEBUG_INFO = NO;
				MTL_FAST_MATH = YES;
				SDKROOT = iphoneos;
				SWIFT_COMPILATION_MODE = wholemodule;
				SWIFT_OPTIMIZATION_LEVEL = "-O";
				VALIDATE_PRODUCT = YES;
			};
			name = Release;
		};
		31A8836829B5D9310033CF67 /* Debug */ = {
			isa = XCBuildConfiguration;
			buildSettings = {
				ASSETCATALOG_COMPILER_APPICON_NAME = AppIcon;
				ASSETCATALOG_COMPILER_GLOBAL_ACCENT_COLOR_NAME = AccentColor;
				CODE_SIGN_STYLE = Automatic;
				CURRENT_PROJECT_VERSION = 1;
				DEVELOPMENT_ASSET_PATHS = "\"QRcodeReader+SwiftUI/Preview Content\"";
				DEVELOPMENT_TEAM = A44U4A2F2G;
				ENABLE_PREVIEWS = YES;
				GENERATE_INFOPLIST_FILE = YES;
				INFOPLIST_KEY_UIApplicationSceneManifest_Generation = YES;
				INFOPLIST_KEY_UIApplicationSupportsIndirectInputEvents = YES;
				INFOPLIST_KEY_UILaunchScreen_Generation = YES;
				INFOPLIST_KEY_UISupportedInterfaceOrientations_iPad = "UIInterfaceOrientationPortrait UIInterfaceOrientationPortraitUpsideDown UIInterfaceOrientationLandscapeLeft UIInterfaceOrientationLandscapeRight";
				INFOPLIST_KEY_UISupportedInterfaceOrientations_iPhone = "UIInterfaceOrientationPortrait UIInterfaceOrientationLandscapeLeft UIInterfaceOrientationLandscapeRight";
				LD_RUNPATH_SEARCH_PATHS = (
					"$(inherited)",
					"@executable_path/Frameworks",
				);
				MARKETING_VERSION = 1.0;
				PRODUCT_BUNDLE_IDENTIFIER = "com.x.QRcodeReader-SwiftUI";
				PRODUCT_NAME = "$(TARGET_NAME)";
				SWIFT_EMIT_LOC_STRINGS = YES;
				SWIFT_VERSION = 5.0;
				TARGETED_DEVICE_FAMILY = "1,2";
			};
			name = Debug;
		};
		31A8836929B5D9310033CF67 /* Release */ = {
			isa = XCBuildConfiguration;
			buildSettings = {
				ASSETCATALOG_COMPILER_APPICON_NAME = AppIcon;
				ASSETCATALOG_COMPILER_GLOBAL_ACCENT_COLOR_NAME = AccentColor;
				CODE_SIGN_STYLE = Automatic;
				CURRENT_PROJECT_VERSION = 1;
				DEVELOPMENT_ASSET_PATHS = "\"QRcodeReader+SwiftUI/Preview Content\"";
				DEVELOPMENT_TEAM = A44U4A2F2G;
				ENABLE_PREVIEWS = YES;
				GENERATE_INFOPLIST_FILE = YES;
				INFOPLIST_KEY_UIApplicationSceneManifest_Generation = YES;
				INFOPLIST_KEY_UIApplicationSupportsIndirectInputEvents = YES;
				INFOPLIST_KEY_UILaunchScreen_Generation = YES;
				INFOPLIST_KEY_UISupportedInterfaceOrientations_iPad = "UIInterfaceOrientationPortrait UIInterfaceOrientationPortraitUpsideDown UIInterfaceOrientationLandscapeLeft UIInterfaceOrientationLandscapeRight";
				INFOPLIST_KEY_UISupportedInterfaceOrientations_iPhone = "UIInterfaceOrientationPortrait UIInterfaceOrientationLandscapeLeft UIInterfaceOrientationLandscapeRight";
				LD_RUNPATH_SEARCH_PATHS = (
					"$(inherited)",
					"@executable_path/Frameworks",
				);
				MARKETING_VERSION = 1.0;
				PRODUCT_BUNDLE_IDENTIFIER = "com.x.QRcodeReader-SwiftUI";
				PRODUCT_NAME = "$(TARGET_NAME)";
				SWIFT_EMIT_LOC_STRINGS = YES;
				SWIFT_VERSION = 5.0;
				TARGETED_DEVICE_FAMILY = "1,2";
			};
			name = Release;
		};
		31A8836B29B5D9310033CF67 /* Debug */ = {
			isa = XCBuildConfiguration;
			buildSettings = {
				ALWAYS_EMBED_SWIFT_STANDARD_LIBRARIES = YES;
				BUNDLE_LOADER = "$(TEST_HOST)";
				CODE_SIGN_STYLE = Automatic;
				CURRENT_PROJECT_VERSION = 1;
				DEVELOPMENT_TEAM = A44U4A2F2G;
				GENERATE_INFOPLIST_FILE = YES;
				IPHONEOS_DEPLOYMENT_TARGET = 16.2;
				MARKETING_VERSION = 1.0;
				PRODUCT_BUNDLE_IDENTIFIER = "com.x.QRcodeReader-SwiftUITests";
				PRODUCT_NAME = "$(TARGET_NAME)";
				SWIFT_EMIT_LOC_STRINGS = NO;
				SWIFT_VERSION = 5.0;
				TARGETED_DEVICE_FAMILY = "1,2";
				TEST_HOST = "$(BUILT_PRODUCTS_DIR)/QRcodeReader+SwiftUI.app/$(BUNDLE_EXECUTABLE_FOLDER_PATH)/QRcodeReader+SwiftUI";
			};
			name = Debug;
		};
		31A8836C29B5D9310033CF67 /* Release */ = {
			isa = XCBuildConfiguration;
			buildSettings = {
				ALWAYS_EMBED_SWIFT_STANDARD_LIBRARIES = YES;
				BUNDLE_LOADER = "$(TEST_HOST)";
				CODE_SIGN_STYLE = Automatic;
				CURRENT_PROJECT_VERSION = 1;
				DEVELOPMENT_TEAM = A44U4A2F2G;
				GENERATE_INFOPLIST_FILE = YES;
				IPHONEOS_DEPLOYMENT_TARGET = 16.2;
				MARKETING_VERSION = 1.0;
				PRODUCT_BUNDLE_IDENTIFIER = "com.x.QRcodeReader-SwiftUITests";
				PRODUCT_NAME = "$(TARGET_NAME)";
				SWIFT_EMIT_LOC_STRINGS = NO;
				SWIFT_VERSION = 5.0;
				TARGETED_DEVICE_FAMILY = "1,2";
				TEST_HOST = "$(BUILT_PRODUCTS_DIR)/QRcodeReader+SwiftUI.app/$(BUNDLE_EXECUTABLE_FOLDER_PATH)/QRcodeReader+SwiftUI";
			};
			name = Release;
		};
		31A8836E29B5D9310033CF67 /* Debug */ = {
			isa = XCBuildConfiguration;
			buildSettings = {
				ALWAYS_EMBED_SWIFT_STANDARD_LIBRARIES = YES;
				CODE_SIGN_STYLE = Automatic;
				CURRENT_PROJECT_VERSION = 1;
				DEVELOPMENT_TEAM = A44U4A2F2G;
				GENERATE_INFOPLIST_FILE = YES;
				MARKETING_VERSION = 1.0;
				PRODUCT_BUNDLE_IDENTIFIER = "com.x.QRcodeReader-SwiftUIUITests";
				PRODUCT_NAME = "$(TARGET_NAME)";
				SWIFT_EMIT_LOC_STRINGS = NO;
				SWIFT_VERSION = 5.0;
				TARGETED_DEVICE_FAMILY = "1,2";
				TEST_TARGET_NAME = "QRcodeReader+SwiftUI";
			};
			name = Debug;
		};
		31A8836F29B5D9310033CF67 /* Release */ = {
			isa = XCBuildConfiguration;
			buildSettings = {
				ALWAYS_EMBED_SWIFT_STANDARD_LIBRARIES = YES;
				CODE_SIGN_STYLE = Automatic;
				CURRENT_PROJECT_VERSION = 1;
				DEVELOPMENT_TEAM = A44U4A2F2G;
				GENERATE_INFOPLIST_FILE = YES;
				MARKETING_VERSION = 1.0;
				PRODUCT_BUNDLE_IDENTIFIER = "com.x.QRcodeReader-SwiftUIUITests";
				PRODUCT_NAME = "$(TARGET_NAME)";
				SWIFT_EMIT_LOC_STRINGS = NO;
				SWIFT_VERSION = 5.0;
				TARGETED_DEVICE_FAMILY = "1,2";
				TEST_TARGET_NAME = "QRcodeReader+SwiftUI";
			};
			name = Release;
		};
/* End XCBuildConfiguration section */

/* Begin XCConfigurationList section */
		31A8833E29B5D9300033CF67 /* Build configuration list for PBXProject "QRcodeReader+SwiftUI" */ = {
			isa = XCConfigurationList;
			buildConfigurations = (
				31A8836529B5D9310033CF67 /* Debug */,
				31A8836629B5D9310033CF67 /* Release */,
			);
			defaultConfigurationIsVisible = 0;
			defaultConfigurationName = Release;
		};
		31A8836729B5D9310033CF67 /* Build configuration list for PBXNativeTarget "QRcodeReader+SwiftUI" */ = {
			isa = XCConfigurationList;
			buildConfigurations = (
				31A8836829B5D9310033CF67 /* Debug */,
				31A8836929B5D9310033CF67 /* Release */,
			);
			defaultConfigurationIsVisible = 0;
			defaultConfigurationName = Release;
		};
		31A8836A29B5D9310033CF67 /* Build configuration list for PBXNativeTarget "QRcodeReader+SwiftUITests" */ = {
			isa = XCConfigurationList;
			buildConfigurations = (
				31A8836B29B5D9310033CF67 /* Debug */,
				31A8836C29B5D9310033CF67 /* Release */,
			);
			defaultConfigurationIsVisible = 0;
			defaultConfigurationName = Release;
		};
		31A8836D29B5D9310033CF67 /* Build configuration list for PBXNativeTarget "QRcodeReader+SwiftUIUITests" */ = {
			isa = XCConfigurationList;
			buildConfigurations = (
				31A8836E29B5D9310033CF67 /* Debug */,
				31A8836F29B5D9310033CF67 /* Release */,
			);
			defaultConfigurationIsVisible = 0;
			defaultConfigurationName = Release;
		};
/* End XCConfigurationList section */
	};
	rootObject = 31A8833B29B5D9300033CF67 /* Project object */;
}
